
Microsoft Visual Studio Solution File, Format Version 12.00
# Visual Studio Version 16
VisualStudioVersion = 16.0.28922.388
MinimumVisualStudioVersion = 10.0.40219.1
Project("{FAE04EC0-301F-11D3-BF4B-00C04F79EFBC}") = "HahaDota", "HahaDota\HahaDota.csproj", "{31ACAE5F-11B3-4123-A5CA-C6CCEF7AA486}"
EndProject
Global
	GlobalSection(SolutionConfigurationPlatforms) = preSolution
		Debug|Any CPU = Debug|Any CPU
		Release|Any CPU = Release|Any CPU
	EndGlobalSection
	GlobalSection(ProjectConfigurationPlatforms) = postSolution
		{31ACAE5F-11B3-4123-A5CA-C6CCEF7AA486}.Debug|Any CPU.ActiveCfg = Debug|Any CPU
		{31ACAE5F-11B3-4123-A5CA-C6CCEF7AA486}.Debug|Any CPU.Build.0 = Debug|Any CPU
		{31ACAE5F-11B3-4123-A5CA-C6CCEF7AA486}.Release|Any CPU.ActiveCfg = Release|Any CPU
		{31ACAE5F-11B3-4123-A5CA-C6CCEF7AA486}.Release|Any CPU.Build.0 = Release|Any CPU
	EndGlobalSection
	GlobalSection(SolutionProperties) = preSolution
		HideSolutionNode = FALSE
	EndGlobalSection
	GlobalSection(ExtensibilityGlobals) = postSolution
		SolutionGuid = {3552D6C5-E00C-4B21-984E-B00FC6CBD43F}
	EndGlobalSection
EndGlobal
